
Microsoft Visual Studio Solution File, Format Version 12.00
# Visual Studio Version 17
VisualStudioVersion = 17.1.32414.318
MinimumVisualStudioVersion = 10.0.40219.1
Project("{FAE04EC0-301F-11D3-BF4B-00C04F79EFBC}") = "AOCDay3", "AOCDay3\AOCDay3.csproj", "{9AC3A40E-D108-4602-B661-23E5C92A7DC9}"
EndProject
Global
	GlobalSection(SolutionConfigurationPlatforms) = preSolution
		Debug|Any CPU = Debug|Any CPU
		Release|Any CPU = Release|Any CPU
	EndGlobalSection
	GlobalSection(ProjectConfigurationPlatforms) = postSolution
		{9AC3A40E-D108-4602-B661-23E5C92A7DC9}.Debug|Any CPU.ActiveCfg = Debug|Any CPU
		{9AC3A40E-D108-4602-B661-23E5C92A7DC9}.Debug|Any CPU.Build.0 = Debug|Any CPU
		{9AC3A40E-D108-4602-B661-23E5C92A7DC9}.Release|Any CPU.ActiveCfg = Release|Any CPU
		{9AC3A40E-D108-4602-B661-23E5C92A7DC9}.Release|Any CPU.Build.0 = Release|Any CPU
	EndGlobalSection
	GlobalSection(SolutionProperties) = preSolution
		HideSolutionNode = FALSE
	EndGlobalSection
	GlobalSection(ExtensibilityGlobals) = postSolution
		SolutionGuid = {895C05DA-5561-4C17-93F6-48D2A9ADA9AB}
	EndGlobalSection
EndGlobal
